<?xml version="1.0" encoding="utf-8"?>
<Project ToolsVersion="16.0" xmlns="http://schemas.microsoft.com/developer/msbuild/2003">
  <ItemGroup>
    <CustomBuild Include="D:\raytracer-jerome-rafael-stijn\raytracer\testing\CMakeFiles\e01bfb3efa08d71ba96c9f06a6f2bc5c\generate.stamp.rule">
      <Filter>CMake Rules</Filter>
    </CustomBuild>
  </ItemGroup>
  <ItemGroup>
    <Filter Include="CMake Rules">
      <UniqueIdentifier>{A20DDBD5-8D01-387D-955E-ECDE5484763B}</UniqueIdentifier>
    </Filter>
  </ItemGroup>
</Project>
